// !$*UTF8*$!
{
	archiveVersion = 1;
	classes = {
	};
	objectVersion = 51;
	objects = {

/* Begin PBXBuildFile section */
		7018BD5F7E4CF1D1499343ED /* Pods_Message_MessageUITests.framework in Frameworks */ = {isa = PBXBuildFile; fileRef = 53AAB6364A1994FECDEF44E3 /* Pods_Message_MessageUITests.framework */; };
		9AE2D0505ED9DEA1749BA4D4 /* Pods_MessageTests.framework in Frameworks */ = {isa = PBXBuildFile; fileRef = 100A2867125AB34A68A7DD36 /* Pods_MessageTests.framework */; };
		BA040A9D256D7D350071C7EB /* GoogleService-Info.plist in Resources */ = {isa = PBXBuildFile; fileRef = BA040A9C256D7D350071C7EB /* GoogleService-Info.plist */; };
		BA62401F256CDB2800592652 /* DatabaseManager.swift in Sources */ = {isa = PBXBuildFile; fileRef = BA62401E256CDB2800592652 /* DatabaseManager.swift */; };
		BAAD31FC256B5E9700F7CF8D /* AppDelegate.swift in Sources */ = {isa = PBXBuildFile; fileRef = BAAD31FB256B5E9700F7CF8D /* AppDelegate.swift */; };
		BAAD31FE256B5E9700F7CF8D /* SceneDelegate.swift in Sources */ = {isa = PBXBuildFile; fileRef = BAAD31FD256B5E9700F7CF8D /* SceneDelegate.swift */; };
		BAAD3200256B5E9700F7CF8D /* ConversationsViewController.swift in Sources */ = {isa = PBXBuildFile; fileRef = BAAD31FF256B5E9700F7CF8D /* ConversationsViewController.swift */; };
		BAAD3203256B5E9700F7CF8D /* Main.storyboard in Resources */ = {isa = PBXBuildFile; fileRef = BAAD3201256B5E9700F7CF8D /* Main.storyboard */; };
		BAAD3206256B5E9700F7CF8D /* Message.xcdatamodeld in Sources */ = {isa = PBXBuildFile; fileRef = BAAD3204256B5E9700F7CF8D /* Message.xcdatamodeld */; };
		BAAD3208256B5E9A00F7CF8D /* Assets.xcassets in Resources */ = {isa = PBXBuildFile; fileRef = BAAD3207256B5E9A00F7CF8D /* Assets.xcassets */; };
		BAAD320B256B5E9A00F7CF8D /* LaunchScreen.storyboard in Resources */ = {isa = PBXBuildFile; fileRef = BAAD3209256B5E9A00F7CF8D /* LaunchScreen.storyboard */; };
		BAAD3216256B5E9A00F7CF8D /* MessageTests.swift in Sources */ = {isa = PBXBuildFile; fileRef = BAAD3215256B5E9A00F7CF8D /* MessageTests.swift */; };
		BAAD3221256B5E9A00F7CF8D /* MessageUITests.swift in Sources */ = {isa = PBXBuildFile; fileRef = BAAD3220256B5E9A00F7CF8D /* MessageUITests.swift */; };
		BAAD3255256B6B2600F7CF8D /* LoginViewController.swift in Sources */ = {isa = PBXBuildFile; fileRef = BAAD3254256B6B2600F7CF8D /* LoginViewController.swift */; };
		BAAD325A256B6B3900F7CF8D /* RegisterViewController.swift in Sources */ = {isa = PBXBuildFile; fileRef = BAAD3259256B6B3900F7CF8D /* RegisterViewController.swift */; };
		BAAD325F256B6B5900F7CF8D /* PhotoViewerViewController.swift in Sources */ = {isa = PBXBuildFile; fileRef = BAAD325E256B6B5900F7CF8D /* PhotoViewerViewController.swift */; };
		BAAD3264256B6B7300F7CF8D /* VideoPlayerViewController.swift in Sources */ = {isa = PBXBuildFile; fileRef = BAAD3263256B6B7300F7CF8D /* VideoPlayerViewController.swift */; };
		BAAD3269256B6B9700F7CF8D /* NewConversationViewController.swift in Sources */ = {isa = PBXBuildFile; fileRef = BAAD3268256B6B9700F7CF8D /* NewConversationViewController.swift */; };
		BAAD326E256B6BAA00F7CF8D /* ProfileViewController.swift in Sources */ = {isa = PBXBuildFile; fileRef = BAAD326D256B6BAA00F7CF8D /* ProfileViewController.swift */; };
		BAAD327A256B770500F7CF8D /* Extensions.swift in Sources */ = {isa = PBXBuildFile; fileRef = BAAD3279256B770500F7CF8D /* Extensions.swift */; };
		C756703808211F904B31C3CB /* Pods_Message.framework in Frameworks */ = {isa = PBXBuildFile; fileRef = F870E6881F20CF54921F9C70 /* Pods_Message.framework */; };
/* End PBXBuildFile section */

/* Begin PBXContainerItemProxy section */
		BAAD3212256B5E9A00F7CF8D /* PBXContainerItemProxy */ = {
			isa = PBXContainerItemProxy;
			containerPortal = BAAD31F0256B5E9700F7CF8D /* Project object */;
			proxyType = 1;
			remoteGlobalIDString = BAAD31F7256B5E9700F7CF8D;
			remoteInfo = Message;
		};
		BAAD321D256B5E9A00F7CF8D /* PBXContainerItemProxy */ = {
			isa = PBXContainerItemProxy;
			containerPortal = BAAD31F0256B5E9700F7CF8D /* Project object */;
			proxyType = 1;
			remoteGlobalIDString = BAAD31F7256B5E9700F7CF8D;
			remoteInfo = Message;
		};
/* End PBXContainerItemProxy section */

/* Begin PBXFileReference section */
		0627546432BE1AC4D49F8038 /* Pods-Message-MessageUITests.debug.xcconfig */ = {isa = PBXFileReference; includeInIndex = 1; lastKnownFileType = text.xcconfig; name = "Pods-Message-MessageUITests.debug.xcconfig"; path = "Target Support Files/Pods-Message-MessageUITests/Pods-Message-MessageUITests.debug.xcconfig"; sourceTree = "<group>"; };
		100A2867125AB34A68A7DD36 /* Pods_MessageTests.framework */ = {isa = PBXFileReference; explicitFileType = wrapper.framework; includeInIndex = 0; path = Pods_MessageTests.framework; sourceTree = BUILT_PRODUCTS_DIR; };
		53AAB6364A1994FECDEF44E3 /* Pods_Message_MessageUITests.framework */ = {isa = PBXFileReference; explicitFileType = wrapper.framework; includeInIndex = 0; path = Pods_Message_MessageUITests.framework; sourceTree = BUILT_PRODUCTS_DIR; };
		6A15388644A76A22DDF4CDC6 /* Pods-MessageTests.release.xcconfig */ = {isa = PBXFileReference; includeInIndex = 1; lastKnownFileType = text.xcconfig; name = "Pods-MessageTests.release.xcconfig"; path = "Target Support Files/Pods-MessageTests/Pods-MessageTests.release.xcconfig"; sourceTree = "<group>"; };
		7D8381F8E8042B867A07BA20 /* Pods-Message.release.xcconfig */ = {isa = PBXFileReference; includeInIndex = 1; lastKnownFileType = text.xcconfig; name = "Pods-Message.release.xcconfig"; path = "Target Support Files/Pods-Message/Pods-Message.release.xcconfig"; sourceTree = "<group>"; };
		81A8F983CA544F2CDD187FF5 /* Pods-MessageTests.debug.xcconfig */ = {isa = PBXFileReference; includeInIndex = 1; lastKnownFileType = text.xcconfig; name = "Pods-MessageTests.debug.xcconfig"; path = "Target Support Files/Pods-MessageTests/Pods-MessageTests.debug.xcconfig"; sourceTree = "<group>"; };
		A4B49C9D75E411DA5AC961E5 /* Pods-Message.debug.xcconfig */ = {isa = PBXFileReference; includeInIndex = 1; lastKnownFileType = text.xcconfig; name = "Pods-Message.debug.xcconfig"; path = "Target Support Files/Pods-Message/Pods-Message.debug.xcconfig"; sourceTree = "<group>"; };
		BA040A9C256D7D350071C7EB /* GoogleService-Info.plist */ = {isa = PBXFileReference; fileEncoding = 4; lastKnownFileType = text.plist.xml; path = "GoogleService-Info.plist"; sourceTree = "<group>"; };
		BA62401E256CDB2800592652 /* DatabaseManager.swift */ = {isa = PBXFileReference; lastKnownFileType = sourcecode.swift; path = DatabaseManager.swift; sourceTree = "<group>"; };
		BAAD31F8256B5E9700F7CF8D /* Message.app */ = {isa = PBXFileReference; explicitFileType = wrapper.application; includeInIndex = 0; path = Message.app; sourceTree = BUILT_PRODUCTS_DIR; };
		BAAD31FB256B5E9700F7CF8D /* AppDelegate.swift */ = {isa = PBXFileReference; lastKnownFileType = sourcecode.swift; path = AppDelegate.swift; sourceTree = "<group>"; };
		BAAD31FD256B5E9700F7CF8D /* SceneDelegate.swift */ = {isa = PBXFileReference; lastKnownFileType = sourcecode.swift; path = SceneDelegate.swift; sourceTree = "<group>"; };
		BAAD31FF256B5E9700F7CF8D /* ConversationsViewController.swift */ = {isa = PBXFileReference; lastKnownFileType = sourcecode.swift; path = ConversationsViewController.swift; sourceTree = "<group>"; };
		BAAD3202256B5E9700F7CF8D /* Base */ = {isa = PBXFileReference; lastKnownFileType = file.storyboard; name = Base; path = Base.lproj/Main.storyboard; sourceTree = "<group>"; };
		BAAD3205256B5E9700F7CF8D /* Message.xcdatamodel */ = {isa = PBXFileReference; lastKnownFileType = wrapper.xcdatamodel; path = Message.xcdatamodel; sourceTree = "<group>"; };
		BAAD3207256B5E9A00F7CF8D /* Assets.xcassets */ = {isa = PBXFileReference; lastKnownFileType = folder.assetcatalog; path = Assets.xcassets; sourceTree = "<group>"; };
		BAAD320A256B5E9A00F7CF8D /* Base */ = {isa = PBXFileReference; lastKnownFileType = file.storyboard; name = Base; path = Base.lproj/LaunchScreen.storyboard; sourceTree = "<group>"; };
		BAAD320C256B5E9A00F7CF8D /* Info.plist */ = {isa = PBXFileReference; lastKnownFileType = text.plist.xml; path = Info.plist; sourceTree = "<group>"; };
		BAAD3211256B5E9A00F7CF8D /* MessageTests.xctest */ = {isa = PBXFileReference; explicitFileType = wrapper.cfbundle; includeInIndex = 0; path = MessageTests.xctest; sourceTree = BUILT_PRODUCTS_DIR; };
		BAAD3215256B5E9A00F7CF8D /* MessageTests.swift */ = {isa = PBXFileReference; lastKnownFileType = sourcecode.swift; path = MessageTests.swift; sourceTree = "<group>"; };
		BAAD3217256B5E9A00F7CF8D /* Info.plist */ = {isa = PBXFileReference; lastKnownFileType = text.plist.xml; path = Info.plist; sourceTree = "<group>"; };
		BAAD321C256B5E9A00F7CF8D /* MessageUITests.xctest */ = {isa = PBXFileReference; explicitFileType = wrapper.cfbundle; includeInIndex = 0; path = MessageUITests.xctest; sourceTree = BUILT_PRODUCTS_DIR; };
		BAAD3220256B5E9A00F7CF8D /* MessageUITests.swift */ = {isa = PBXFileReference; lastKnownFileType = sourcecode.swift; path = MessageUITests.swift; sourceTree = "<group>"; };
		BAAD3222256B5E9A00F7CF8D /* Info.plist */ = {isa = PBXFileReference; lastKnownFileType = text.plist.xml; path = Info.plist; sourceTree = "<group>"; };
		BAAD3254256B6B2600F7CF8D /* LoginViewController.swift */ = {isa = PBXFileReference; lastKnownFileType = sourcecode.swift; path = LoginViewController.swift; sourceTree = "<group>"; };
		BAAD3259256B6B3900F7CF8D /* RegisterViewController.swift */ = {isa = PBXFileReference; lastKnownFileType = sourcecode.swift; path = RegisterViewController.swift; sourceTree = "<group>"; };
		BAAD325E256B6B5900F7CF8D /* PhotoViewerViewController.swift */ = {isa = PBXFileReference; lastKnownFileType = sourcecode.swift; path = PhotoViewerViewController.swift; sourceTree = "<group>"; };
		BAAD3263256B6B7300F7CF8D /* VideoPlayerViewController.swift */ = {isa = PBXFileReference; lastKnownFileType = sourcecode.swift; path = VideoPlayerViewController.swift; sourceTree = "<group>"; };
		BAAD3268256B6B9700F7CF8D /* NewConversationViewController.swift */ = {isa = PBXFileReference; lastKnownFileType = sourcecode.swift; path = NewConversationViewController.swift; sourceTree = "<group>"; };
		BAAD326D256B6BAA00F7CF8D /* ProfileViewController.swift */ = {isa = PBXFileReference; lastKnownFileType = sourcecode.swift; path = ProfileViewController.swift; sourceTree = "<group>"; };
		BAAD3279256B770500F7CF8D /* Extensions.swift */ = {isa = PBXFileReference; lastKnownFileType = sourcecode.swift; path = Extensions.swift; sourceTree = "<group>"; };
		F870E6881F20CF54921F9C70 /* Pods_Message.framework */ = {isa = PBXFileReference; explicitFileType = wrapper.framework; includeInIndex = 0; path = Pods_Message.framework; sourceTree = BUILT_PRODUCTS_DIR; };
		FA92BFD28D2C164781B25CC1 /* Pods-Message-MessageUITests.release.xcconfig */ = {isa = PBXFileReference; includeInIndex = 1; lastKnownFileType = text.xcconfig; name = "Pods-Message-MessageUITests.release.xcconfig"; path = "Target Support Files/Pods-Message-MessageUITests/Pods-Message-MessageUITests.release.xcconfig"; sourceTree = "<group>"; };
/* End PBXFileReference section */

/* Begin PBXFrameworksBuildPhase section */
		BAAD31F5256B5E9700F7CF8D /* Frameworks */ = {
			isa = PBXFrameworksBuildPhase;
			buildActionMask = 2147483647;
			files = (
				C756703808211F904B31C3CB /* Pods_Message.framework in Frameworks */,
			);
			runOnlyForDeploymentPostprocessing = 0;
		};
		BAAD320E256B5E9A00F7CF8D /* Frameworks */ = {
			isa = PBXFrameworksBuildPhase;
			buildActionMask = 2147483647;
			files = (
				9AE2D0505ED9DEA1749BA4D4 /* Pods_MessageTests.framework in Frameworks */,
			);
			runOnlyForDeploymentPostprocessing = 0;
		};
		BAAD3219256B5E9A00F7CF8D /* Frameworks */ = {
			isa = PBXFrameworksBuildPhase;
			buildActionMask = 2147483647;
			files = (
				7018BD5F7E4CF1D1499343ED /* Pods_Message_MessageUITests.framework in Frameworks */,
			);
			runOnlyForDeploymentPostprocessing = 0;
		};
/* End PBXFrameworksBuildPhase section */

/* Begin PBXGroup section */
		0E826F0BDF558FFE0DD50225 /* Frameworks */ = {
			isa = PBXGroup;
			children = (
				F870E6881F20CF54921F9C70 /* Pods_Message.framework */,
				53AAB6364A1994FECDEF44E3 /* Pods_Message_MessageUITests.framework */,
				100A2867125AB34A68A7DD36 /* Pods_MessageTests.framework */,
			);
			name = Frameworks;
			sourceTree = "<group>";
		};
		BAAD31EF256B5E9700F7CF8D = {
			isa = PBXGroup;
			children = (
				BAAD31FA256B5E9700F7CF8D /* Message */,
				BAAD3214256B5E9A00F7CF8D /* MessageTests */,
				BAAD321F256B5E9A00F7CF8D /* MessageUITests */,
				BAAD31F9256B5E9700F7CF8D /* Products */,
				E02AE7227A914F5D2F31CAB4 /* Pods */,
				0E826F0BDF558FFE0DD50225 /* Frameworks */,
			);
			sourceTree = "<group>";
		};
		BAAD31F9256B5E9700F7CF8D /* Products */ = {
			isa = PBXGroup;
			children = (
				BAAD31F8256B5E9700F7CF8D /* Message.app */,
				BAAD3211256B5E9A00F7CF8D /* MessageTests.xctest */,
				BAAD321C256B5E9A00F7CF8D /* MessageUITests.xctest */,
			);
			name = Products;
			sourceTree = "<group>";
		};
		BAAD31FA256B5E9700F7CF8D /* Message */ = {
			isa = PBXGroup;
			children = (
				BA040A9C256D7D350071C7EB /* GoogleService-Info.plist */,
				BAAD3235256B660A00F7CF8D /* Resources */,
				BAAD3234256B65F400F7CF8D /* ViewModels */,
				BAAD3233256B65EA00F7CF8D /* Models */,
				BAAD3232256B65E400F7CF8D /* Views */,
				BAAD3231256B65D900F7CF8D /* Controllers */,
				BAAD3207256B5E9A00F7CF8D /* Assets.xcassets */,
				BAAD320C256B5E9A00F7CF8D /* Info.plist */,
				BAAD3204256B5E9700F7CF8D /* Message.xcdatamodeld */,
			);
			path = Message;
			sourceTree = "<group>";
		};
		BAAD3214256B5E9A00F7CF8D /* MessageTests */ = {
			isa = PBXGroup;
			children = (
				BAAD3215256B5E9A00F7CF8D /* MessageTests.swift */,
				BAAD3217256B5E9A00F7CF8D /* Info.plist */,
			);
			path = MessageTests;
			sourceTree = "<group>";
		};
		BAAD321F256B5E9A00F7CF8D /* MessageUITests */ = {
			isa = PBXGroup;
			children = (
				BAAD3220256B5E9A00F7CF8D /* MessageUITests.swift */,
				BAAD3222256B5E9A00F7CF8D /* Info.plist */,
			);
			path = MessageUITests;
			sourceTree = "<group>";
		};
		BAAD3231256B65D900F7CF8D /* Controllers */ = {
			isa = PBXGroup;
			children = (
				BAAD31FF256B5E9700F7CF8D /* ConversationsViewController.swift */,
				BAAD3272256B6E7100F7CF8D /* Login */,
				BAAD325E256B6B5900F7CF8D /* PhotoViewerViewController.swift */,
				BAAD3263256B6B7300F7CF8D /* VideoPlayerViewController.swift */,
				BAAD3268256B6B9700F7CF8D /* NewConversationViewController.swift */,
				BAAD326D256B6BAA00F7CF8D /* ProfileViewController.swift */,
			);
			path = Controllers;
			sourceTree = "<group>";
		};
		BAAD3232256B65E400F7CF8D /* Views */ = {
			isa = PBXGroup;
			children = (
				BAAD3236256B664A00F7CF8D /* Storyboards */,
			);
			path = Views;
			sourceTree = "<group>";
		};
		BAAD3233256B65EA00F7CF8D /* Models */ = {
			isa = PBXGroup;
			children = (
			);
			path = Models;
			sourceTree = "<group>";
		};
		BAAD3234256B65F400F7CF8D /* ViewModels */ = {
			isa = PBXGroup;
			children = (
			);
			path = ViewModels;
			sourceTree = "<group>";
		};
		BAAD3235256B660A00F7CF8D /* Resources */ = {
			isa = PBXGroup;
			children = (
				BAAD31FB256B5E9700F7CF8D /* AppDelegate.swift */,
				BAAD31FD256B5E9700F7CF8D /* SceneDelegate.swift */,
				BAAD3279256B770500F7CF8D /* Extensions.swift */,
				BA62401E256CDB2800592652 /* DatabaseManager.swift */,
			);
			path = Resources;
			sourceTree = "<group>";
		};
		BAAD3236256B664A00F7CF8D /* Storyboards */ = {
			isa = PBXGroup;
			children = (
				BAAD3201256B5E9700F7CF8D /* Main.storyboard */,
				BAAD3209256B5E9A00F7CF8D /* LaunchScreen.storyboard */,
			);
			path = Storyboards;
			sourceTree = "<group>";
		};
		BAAD3272256B6E7100F7CF8D /* Login */ = {
			isa = PBXGroup;
			children = (
				BAAD3254256B6B2600F7CF8D /* LoginViewController.swift */,
				BAAD3259256B6B3900F7CF8D /* RegisterViewController.swift */,
			);
			path = Login;
			sourceTree = "<group>";
		};
		E02AE7227A914F5D2F31CAB4 /* Pods */ = {
			isa = PBXGroup;
			children = (
				A4B49C9D75E411DA5AC961E5 /* Pods-Message.debug.xcconfig */,
				7D8381F8E8042B867A07BA20 /* Pods-Message.release.xcconfig */,
				0627546432BE1AC4D49F8038 /* Pods-Message-MessageUITests.debug.xcconfig */,
				FA92BFD28D2C164781B25CC1 /* Pods-Message-MessageUITests.release.xcconfig */,
				81A8F983CA544F2CDD187FF5 /* Pods-MessageTests.debug.xcconfig */,
				6A15388644A76A22DDF4CDC6 /* Pods-MessageTests.release.xcconfig */,
			);
			path = Pods;
			sourceTree = "<group>";
		};
/* End PBXGroup section */

/* Begin PBXNativeTarget section */
		BAAD31F7256B5E9700F7CF8D /* Message */ = {
			isa = PBXNativeTarget;
			buildConfigurationList = BAAD3225256B5E9A00F7CF8D /* Build configuration list for PBXNativeTarget "Message" */;
			buildPhases = (
				DF8674CE0480915E56571338 /* [CP] Check Pods Manifest.lock */,
				BAAD31F4256B5E9700F7CF8D /* Sources */,
				BAAD31F5256B5E9700F7CF8D /* Frameworks */,
				BAAD31F6256B5E9700F7CF8D /* Resources */,
				F752EDCDFAA0D856D26869A7 /* [CP] Embed Pods Frameworks */,
			);
			buildRules = (
			);
			dependencies = (
			);
			name = Message;
			productName = Message;
			productReference = BAAD31F8256B5E9700F7CF8D /* Message.app */;
			productType = "com.apple.product-type.application";
		};
		BAAD3210256B5E9A00F7CF8D /* MessageTests */ = {
			isa = PBXNativeTarget;
			buildConfigurationList = BAAD3228256B5E9A00F7CF8D /* Build configuration list for PBXNativeTarget "MessageTests" */;
			buildPhases = (
				5D08960A65FB95E135AC532E /* [CP] Check Pods Manifest.lock */,
				BAAD320D256B5E9A00F7CF8D /* Sources */,
				BAAD320E256B5E9A00F7CF8D /* Frameworks */,
				BAAD320F256B5E9A00F7CF8D /* Resources */,
			);
			buildRules = (
			);
			dependencies = (
				BAAD3213256B5E9A00F7CF8D /* PBXTargetDependency */,
			);
			name = MessageTests;
			productName = MessageTests;
			productReference = BAAD3211256B5E9A00F7CF8D /* MessageTests.xctest */;
			productType = "com.apple.product-type.bundle.unit-test";
		};
		BAAD321B256B5E9A00F7CF8D /* MessageUITests */ = {
			isa = PBXNativeTarget;
			buildConfigurationList = BAAD322B256B5E9A00F7CF8D /* Build configuration list for PBXNativeTarget "MessageUITests" */;
			buildPhases = (
				5721BD6D1CFC5FF7DECD11D0 /* [CP] Check Pods Manifest.lock */,
				BAAD3218256B5E9A00F7CF8D /* Sources */,
				BAAD3219256B5E9A00F7CF8D /* Frameworks */,
				BAAD321A256B5E9A00F7CF8D /* Resources */,
				981898B271DBEB47C3EC1148 /* [CP] Embed Pods Frameworks */,
			);
			buildRules = (
			);
			dependencies = (
				BAAD321E256B5E9A00F7CF8D /* PBXTargetDependency */,
			);
			name = MessageUITests;
			productName = MessageUITests;
			productReference = BAAD321C256B5E9A00F7CF8D /* MessageUITests.xctest */;
			productType = "com.apple.product-type.bundle.ui-testing";
		};
/* End PBXNativeTarget section */

/* Begin PBXProject section */
		BAAD31F0256B5E9700F7CF8D /* Project object */ = {
			isa = PBXProject;
			attributes = {
				LastSwiftUpdateCheck = 1220;
				LastUpgradeCheck = 1220;
				TargetAttributes = {
					BAAD31F7256B5E9700F7CF8D = {
						CreatedOnToolsVersion = 12.2;
					};
					BAAD3210256B5E9A00F7CF8D = {
						CreatedOnToolsVersion = 12.2;
						TestTargetID = BAAD31F7256B5E9700F7CF8D;
					};
					BAAD321B256B5E9A00F7CF8D = {
						CreatedOnToolsVersion = 12.2;
						TestTargetID = BAAD31F7256B5E9700F7CF8D;
					};
				};
			};
			buildConfigurationList = BAAD31F3256B5E9700F7CF8D /* Build configuration list for PBXProject "Message" */;
			compatibilityVersion = "Xcode 9.3";
			developmentRegion = en;
			hasScannedForEncodings = 0;
			knownRegions = (
				en,
				Base,
			);
			mainGroup = BAAD31EF256B5E9700F7CF8D;
			productRefGroup = BAAD31F9256B5E9700F7CF8D /* Products */;
			projectDirPath = "";
			projectRoot = "";
			targets = (
				BAAD31F7256B5E9700F7CF8D /* Message */,
				BAAD3210256B5E9A00F7CF8D /* MessageTests */,
				BAAD321B256B5E9A00F7CF8D /* MessageUITests */,
			);
		};
/* End PBXProject section */

/* Begin PBXResourcesBuildPhase section */
		BAAD31F6256B5E9700F7CF8D /* Resources */ = {
			isa = PBXResourcesBuildPhase;
			buildActionMask = 2147483647;
			files = (
				BAAD320B256B5E9A00F7CF8D /* LaunchScreen.storyboard in Resources */,
				BA040A9D256D7D350071C7EB /* GoogleService-Info.plist in Resources */,
				BAAD3208256B5E9A00F7CF8D /* Assets.xcassets in Resources */,
				BAAD3203256B5E9700F7CF8D /* Main.storyboard in Resources */,
			);
			runOnlyForDeploymentPostprocessing = 0;
		};
		BAAD320F256B5E9A00F7CF8D /* Resources */ = {
			isa = PBXResourcesBuildPhase;
			buildActionMask = 2147483647;
			files = (
			);
			runOnlyForDeploymentPostprocessing = 0;
		};
		BAAD321A256B5E9A00F7CF8D /* Resources */ = {
			isa = PBXResourcesBuildPhase;
			buildActionMask = 2147483647;
			files = (
			);
			runOnlyForDeploymentPostprocessing = 0;
		};
/* End PBXResourcesBuildPhase section */

/* Begin PBXShellScriptBuildPhase section */
		5721BD6D1CFC5FF7DECD11D0 /* [CP] Check Pods Manifest.lock */ = {
			isa = PBXShellScriptBuildPhase;
			buildActionMask = 2147483647;
			files = (
			);
			inputFileListPaths = (
			);
			inputPaths = (
				"${PODS_PODFILE_DIR_PATH}/Podfile.lock",
				"${PODS_ROOT}/Manifest.lock",
			);
			name = "[CP] Check Pods Manifest.lock";
			outputFileListPaths = (
			);
			outputPaths = (
				"$(DERIVED_FILE_DIR)/Pods-Message-MessageUITests-checkManifestLockResult.txt",
			);
			runOnlyForDeploymentPostprocessing = 0;
			shellPath = /bin/sh;
			shellScript = "diff \"${PODS_PODFILE_DIR_PATH}/Podfile.lock\" \"${PODS_ROOT}/Manifest.lock\" > /dev/null\nif [ $? != 0 ] ; then\n    # print error to STDERR\n    echo \"error: The sandbox is not in sync with the Podfile.lock. Run 'pod install' or update your CocoaPods installation.\" >&2\n    exit 1\nfi\n# This output is used by Xcode 'outputs' to avoid re-running this script phase.\necho \"SUCCESS\" > \"${SCRIPT_OUTPUT_FILE_0}\"\n";
			showEnvVarsInLog = 0;
		};
		5D08960A65FB95E135AC532E /* [CP] Check Pods Manifest.lock */ = {
			isa = PBXShellScriptBuildPhase;
			buildActionMask = 2147483647;
			files = (
			);
			inputFileListPaths = (
			);
			inputPaths = (
				"${PODS_PODFILE_DIR_PATH}/Podfile.lock",
				"${PODS_ROOT}/Manifest.lock",
			);
			name = "[CP] Check Pods Manifest.lock";
			outputFileListPaths = (
			);
			outputPaths = (
				"$(DERIVED_FILE_DIR)/Pods-MessageTests-checkManifestLockResult.txt",
			);
			runOnlyForDeploymentPostprocessing = 0;
			shellPath = /bin/sh;
			shellScript = "diff \"${PODS_PODFILE_DIR_PATH}/Podfile.lock\" \"${PODS_ROOT}/Manifest.lock\" > /dev/null\nif [ $? != 0 ] ; then\n    # print error to STDERR\n    echo \"error: The sandbox is not in sync with the Podfile.lock. Run 'pod install' or update your CocoaPods installation.\" >&2\n    exit 1\nfi\n# This output is used by Xcode 'outputs' to avoid re-running this script phase.\necho \"SUCCESS\" > \"${SCRIPT_OUTPUT_FILE_0}\"\n";
			showEnvVarsInLog = 0;
		};
		981898B271DBEB47C3EC1148 /* [CP] Embed Pods Frameworks */ = {
			isa = PBXShellScriptBuildPhase;
			buildActionMask = 2147483647;
			files = (
			);
			inputFileListPaths = (
				"${PODS_ROOT}/Target Support Files/Pods-Message-MessageUITests/Pods-Message-MessageUITests-frameworks-${CONFIGURATION}-input-files.xcfilelist",
			);
			name = "[CP] Embed Pods Frameworks";
			outputFileListPaths = (
				"${PODS_ROOT}/Target Support Files/Pods-Message-MessageUITests/Pods-Message-MessageUITests-frameworks-${CONFIGURATION}-output-files.xcfilelist",
			);
			runOnlyForDeploymentPostprocessing = 0;
			shellPath = /bin/sh;
			shellScript = "\"${PODS_ROOT}/Target Support Files/Pods-Message-MessageUITests/Pods-Message-MessageUITests-frameworks.sh\"\n";
			showEnvVarsInLog = 0;
		};
		DF8674CE0480915E56571338 /* [CP] Check Pods Manifest.lock */ = {
			isa = PBXShellScriptBuildPhase;
			buildActionMask = 2147483647;
			files = (
			);
			inputFileListPaths = (
			);
			inputPaths = (
				"${PODS_PODFILE_DIR_PATH}/Podfile.lock",
				"${PODS_ROOT}/Manifest.lock",
			);
			name = "[CP] Check Pods Manifest.lock";
			outputFileListPaths = (
			);
			outputPaths = (
				"$(DERIVED_FILE_DIR)/Pods-Message-checkManifestLockResult.txt",
			);
			runOnlyForDeploymentPostprocessing = 0;
			shellPath = /bin/sh;
			shellScript = "diff \"${PODS_PODFILE_DIR_PATH}/Podfile.lock\" \"${PODS_ROOT}/Manifest.lock\" > /dev/null\nif [ $? != 0 ] ; then\n    # print error to STDERR\n    echo \"error: The sandbox is not in sync with the Podfile.lock. Run 'pod install' or update your CocoaPods installation.\" >&2\n    exit 1\nfi\n# This output is used by Xcode 'outputs' to avoid re-running this script phase.\necho \"SUCCESS\" > \"${SCRIPT_OUTPUT_FILE_0}\"\n";
			showEnvVarsInLog = 0;
		};
		F752EDCDFAA0D856D26869A7 /* [CP] Embed Pods Frameworks */ = {
			isa = PBXShellScriptBuildPhase;
			buildActionMask = 2147483647;
			files = (
			);
			inputFileListPaths = (
				"${PODS_ROOT}/Target Support Files/Pods-Message/Pods-Message-frameworks-${CONFIGURATION}-input-files.xcfilelist",
			);
			name = "[CP] Embed Pods Frameworks";
			outputFileListPaths = (
				"${PODS_ROOT}/Target Support Files/Pods-Message/Pods-Message-frameworks-${CONFIGURATION}-output-files.xcfilelist",
			);
			runOnlyForDeploymentPostprocessing = 0;
			shellPath = /bin/sh;
			shellScript = "\"${PODS_ROOT}/Target Support Files/Pods-Message/Pods-Message-frameworks.sh\"\n";
			showEnvVarsInLog = 0;
		};
/* End PBXShellScriptBuildPhase section */

/* Begin PBXSourcesBuildPhase section */
		BAAD31F4256B5E9700F7CF8D /* Sources */ = {
			isa = PBXSourcesBuildPhase;
			buildActionMask = 2147483647;
			files = (
				BAAD3200256B5E9700F7CF8D /* ConversationsViewController.swift in Sources */,
				BAAD3206256B5E9700F7CF8D /* Message.xcdatamodeld in Sources */,
				BAAD326E256B6BAA00F7CF8D /* ProfileViewController.swift in Sources */,
				BAAD31FC256B5E9700F7CF8D /* AppDelegate.swift in Sources */,
				BAAD325F256B6B5900F7CF8D /* PhotoViewerViewController.swift in Sources */,
				BAAD325A256B6B3900F7CF8D /* RegisterViewController.swift in Sources */,
				BAAD3264256B6B7300F7CF8D /* VideoPlayerViewController.swift in Sources */,
				BAAD3269256B6B9700F7CF8D /* NewConversationViewController.swift in Sources */,
				BA62401F256CDB2800592652 /* DatabaseManager.swift in Sources */,
				BAAD3255256B6B2600F7CF8D /* LoginViewController.swift in Sources */,
				BAAD327A256B770500F7CF8D /* Extensions.swift in Sources */,
				BAAD31FE256B5E9700F7CF8D /* SceneDelegate.swift in Sources */,
			);
			runOnlyForDeploymentPostprocessing = 0;
		};
		BAAD320D256B5E9A00F7CF8D /* Sources */ = {
			isa = PBXSourcesBuildPhase;
			buildActionMask = 2147483647;
			files = (
				BAAD3216256B5E9A00F7CF8D /* MessageTests.swift in Sources */,
			);
			runOnlyForDeploymentPostprocessing = 0;
		};
		BAAD3218256B5E9A00F7CF8D /* Sources */ = {
			isa = PBXSourcesBuildPhase;
			buildActionMask = 2147483647;
			files = (
				BAAD3221256B5E9A00F7CF8D /* MessageUITests.swift in Sources */,
			);
			runOnlyForDeploymentPostprocessing = 0;
		};
/* End PBXSourcesBuildPhase section */

/* Begin PBXTargetDependency section */
		BAAD3213256B5E9A00F7CF8D /* PBXTargetDependency */ = {
			isa = PBXTargetDependency;
			target = BAAD31F7256B5E9700F7CF8D /* Message */;
			targetProxy = BAAD3212256B5E9A00F7CF8D /* PBXContainerItemProxy */;
		};
		BAAD321E256B5E9A00F7CF8D /* PBXTargetDependency */ = {
			isa = PBXTargetDependency;
			target = BAAD31F7256B5E9700F7CF8D /* Message */;
			targetProxy = BAAD321D256B5E9A00F7CF8D /* PBXContainerItemProxy */;
		};
/* End PBXTargetDependency section */

/* Begin PBXVariantGroup section */
		BAAD3201256B5E9700F7CF8D /* Main.storyboard */ = {
			isa = PBXVariantGroup;
			children = (
				BAAD3202256B5E9700F7CF8D /* Base */,
			);
			name = Main.storyboard;
			sourceTree = "<group>";
		};
		BAAD3209256B5E9A00F7CF8D /* LaunchScreen.storyboard */ = {
			isa = PBXVariantGroup;
			children = (
				BAAD320A256B5E9A00F7CF8D /* Base */,
			);
			name = LaunchScreen.storyboard;
			sourceTree = "<group>";
		};
/* End PBXVariantGroup section */

/* Begin XCBuildConfiguration section */
		BAAD3223256B5E9A00F7CF8D /* Debug */ = {
			isa = XCBuildConfiguration;
			buildSettings = {
				ALWAYS_SEARCH_USER_PATHS = NO;
				CLANG_ANALYZER_NONNULL = YES;
				CLANG_ANALYZER_NUMBER_OBJECT_CONVERSION = YES_AGGRESSIVE;
				CLANG_CXX_LANGUAGE_STANDARD = "gnu++14";
				CLANG_CXX_LIBRARY = "libc++";
				CLANG_ENABLE_MODULES = YES;
				CLANG_ENABLE_OBJC_ARC = YES;
				CLANG_ENABLE_OBJC_WEAK = YES;
				CLANG_WARN_BLOCK_CAPTURE_AUTORELEASING = YES;
				CLANG_WARN_BOOL_CONVERSION = YES;
				CLANG_WARN_COMMA = YES;
				CLANG_WARN_CONSTANT_CONVERSION = YES;
				CLANG_WARN_DEPRECATED_OBJC_IMPLEMENTATIONS = YES;
				CLANG_WARN_DIRECT_OBJC_ISA_USAGE = YES_ERROR;
				CLANG_WARN_DOCUMENTATION_COMMENTS = YES;
				CLANG_WARN_EMPTY_BODY = YES;
				CLANG_WARN_ENUM_CONVERSION = YES;
				CLANG_WARN_INFINITE_RECURSION = YES;
				CLANG_WARN_INT_CONVERSION = YES;
				CLANG_WARN_NON_LITERAL_NULL_CONVERSION = YES;
				CLANG_WARN_OBJC_IMPLICIT_RETAIN_SELF = YES;
				CLANG_WARN_OBJC_LITERAL_CONVERSION = YES;
				CLANG_WARN_OBJC_ROOT_CLASS = YES_ERROR;
				CLANG_WARN_QUOTED_INCLUDE_IN_FRAMEWORK_HEADER = YES;
				CLANG_WARN_RANGE_LOOP_ANALYSIS = YES;
				CLANG_WARN_STRICT_PROTOTYPES = YES;
				CLANG_WARN_SUSPICIOUS_MOVE = YES;
				CLANG_WARN_UNGUARDED_AVAILABILITY = YES_AGGRESSIVE;
				CLANG_WARN_UNREACHABLE_CODE = YES;
				CLANG_WARN__DUPLICATE_METHOD_MATCH = YES;
				COPY_PHASE_STRIP = NO;
				DEBUG_INFORMATION_FORMAT = dwarf;
				ENABLE_STRICT_OBJC_MSGSEND = YES;
				ENABLE_TESTABILITY = YES;
				GCC_C_LANGUAGE_STANDARD = gnu11;
				GCC_DYNAMIC_NO_PIC = NO;
				GCC_NO_COMMON_BLOCKS = YES;
				GCC_OPTIMIZATION_LEVEL = 0;
				GCC_PREPROCESSOR_DEFINITIONS = (
					"DEBUG=1",
					"$(inherited)",
				);
				GCC_WARN_64_TO_32_BIT_CONVERSION = YES;
				GCC_WARN_ABOUT_RETURN_TYPE = YES_ERROR;
				GCC_WARN_UNDECLARED_SELECTOR = YES;
				GCC_WARN_UNINITIALIZED_AUTOS = YES_AGGRESSIVE;
				GCC_WARN_UNUSED_FUNCTION = YES;
				GCC_WARN_UNUSED_VARIABLE = YES;
				IPHONEOS_DEPLOYMENT_TARGET = 14.2;
				MTL_ENABLE_DEBUG_INFO = INCLUDE_SOURCE;
				MTL_FAST_MATH = YES;
				ONLY_ACTIVE_ARCH = YES;
				SDKROOT = iphoneos;
				SWIFT_ACTIVE_COMPILATION_CONDITIONS = DEBUG;
				SWIFT_OPTIMIZATION_LEVEL = "-Onone";
			};
			name = Debug;
		};
		BAAD3224256B5E9A00F7CF8D /* Release */ = {
			isa = XCBuildConfiguration;
			buildSettings = {
				ALWAYS_SEARCH_USER_PATHS = NO;
				CLANG_ANALYZER_NONNULL = YES;
				CLANG_ANALYZER_NUMBER_OBJECT_CONVERSION = YES_AGGRESSIVE;
				CLANG_CXX_LANGUAGE_STANDARD = "gnu++14";
				CLANG_CXX_LIBRARY = "libc++";
				CLANG_ENABLE_MODULES = YES;
				CLANG_ENABLE_OBJC_ARC = YES;
				CLANG_ENABLE_OBJC_WEAK = YES;
				CLANG_WARN_BLOCK_CAPTURE_AUTORELEASING = YES;
				CLANG_WARN_BOOL_CONVERSION = YES;
				CLANG_WARN_COMMA = YES;
				CLANG_WARN_CONSTANT_CONVERSION = YES;
				CLANG_WARN_DEPRECATED_OBJC_IMPLEMENTATIONS = YES;
				CLANG_WARN_DIRECT_OBJC_ISA_USAGE = YES_ERROR;
				CLANG_WARN_DOCUMENTATION_COMMENTS = YES;
				CLANG_WARN_EMPTY_BODY = YES;
				CLANG_WARN_ENUM_CONVERSION = YES;
				CLANG_WARN_INFINITE_RECURSION = YES;
				CLANG_WARN_INT_CONVERSION = YES;
				CLANG_WARN_NON_LITERAL_NULL_CONVERSION = YES;
				CLANG_WARN_OBJC_IMPLICIT_RETAIN_SELF = YES;
				CLANG_WARN_OBJC_LITERAL_CONVERSION = YES;
				CLANG_WARN_OBJC_ROOT_CLASS = YES_ERROR;
				CLANG_WARN_QUOTED_INCLUDE_IN_FRAMEWORK_HEADER = YES;
				CLANG_WARN_RANGE_LOOP_ANALYSIS = YES;
				CLANG_WARN_STRICT_PROTOTYPES = YES;
				CLANG_WARN_SUSPICIOUS_MOVE = YES;
				CLANG_WARN_UNGUARDED_AVAILABILITY = YES_AGGRESSIVE;
				CLANG_WARN_UNREACHABLE_CODE = YES;
				CLANG_WARN__DUPLICATE_METHOD_MATCH = YES;
				COPY_PHASE_STRIP = NO;
				DEBUG_INFORMATION_FORMAT = "dwarf-with-dsym";
				ENABLE_NS_ASSERTIONS = NO;
				ENABLE_STRICT_OBJC_MSGSEND = YES;
				GCC_C_LANGUAGE_STANDARD = gnu11;
				GCC_NO_COMMON_BLOCKS = YES;
				GCC_WARN_64_TO_32_BIT_CONVERSION = YES;
				GCC_WARN_ABOUT_RETURN_TYPE = YES_ERROR;
				GCC_WARN_UNDECLARED_SELECTOR = YES;
				GCC_WARN_UNINITIALIZED_AUTOS = YES_AGGRESSIVE;
				GCC_WARN_UNUSED_FUNCTION = YES;
				GCC_WARN_UNUSED_VARIABLE = YES;
				IPHONEOS_DEPLOYMENT_TARGET = 14.2;
				MTL_ENABLE_DEBUG_INFO = NO;
				MTL_FAST_MATH = YES;
				SDKROOT = iphoneos;
				SWIFT_COMPILATION_MODE = wholemodule;
				SWIFT_OPTIMIZATION_LEVEL = "-O";
				VALIDATE_PRODUCT = YES;
			};
			name = Release;
		};
		BAAD3226256B5E9A00F7CF8D /* Debug */ = {
			isa = XCBuildConfiguration;
			baseConfigurationReference = A4B49C9D75E411DA5AC961E5 /* Pods-Message.debug.xcconfig */;
			buildSettings = {
				ASSETCATALOG_COMPILER_APPICON_NAME = AppIcon;
				ASSETCATALOG_COMPILER_GLOBAL_ACCENT_COLOR_NAME = AccentColor;
				CODE_SIGN_STYLE = Automatic;
				DEVELOPMENT_TEAM = 8NTC9GZTYZ;
				INFOPLIST_FILE = Message/Info.plist;
				IPHONEOS_DEPLOYMENT_TARGET = 14.0;
				LD_RUNPATH_SEARCH_PATHS = (
					"$(inherited)",
					"@executable_path/Frameworks",
				);
				PRODUCT_BUNDLE_IDENTIFIER = com.Sahil.Message;
				PRODUCT_NAME = "$(TARGET_NAME)";
				SWIFT_VERSION = 5.0;
				TARGETED_DEVICE_FAMILY = 1;
			};
			name = Debug;
		};
		BAAD3227256B5E9A00F7CF8D /* Release */ = {
			isa = XCBuildConfiguration;
			baseConfigurationReference = 7D8381F8E8042B867A07BA20 /* Pods-Message.release.xcconfig */;
			buildSettings = {
				ASSETCATALOG_COMPILER_APPICON_NAME = AppIcon;
				ASSETCATALOG_COMPILER_GLOBAL_ACCENT_COLOR_NAME = AccentColor;
				CODE_SIGN_STYLE = Automatic;
				DEVELOPMENT_TEAM = 8NTC9GZTYZ;
				INFOPLIST_FILE = Message/Info.plist;
				IPHONEOS_DEPLOYMENT_TARGET = 14.0;
				LD_RUNPATH_SEARCH_PATHS = (
					"$(inherited)",
					"@executable_path/Frameworks",
				);
				PRODUCT_BUNDLE_IDENTIFIER = com.Sahil.Message;
				PRODUCT_NAME = "$(TARGET_NAME)";
				SWIFT_VERSION = 5.0;
				TARGETED_DEVICE_FAMILY = 1;
			};
			name = Release;
		};
		BAAD3229256B5E9A00F7CF8D /* Debug */ = {
			isa = XCBuildConfiguration;
			baseConfigurationReference = 81A8F983CA544F2CDD187FF5 /* Pods-MessageTests.debug.xcconfig */;
			buildSettings = {
				ALWAYS_EMBED_SWIFT_STANDARD_LIBRARIES = YES;
				BUNDLE_LOADER = "$(TEST_HOST)";
				CODE_SIGN_STYLE = Automatic;
				DEVELOPMENT_TEAM = 8NTC9GZTYZ;
				INFOPLIST_FILE = MessageTests/Info.plist;
				IPHONEOS_DEPLOYMENT_TARGET = 14.2;
				LD_RUNPATH_SEARCH_PATHS = (
					"$(inherited)",
					"@executable_path/Frameworks",
					"@loader_path/Frameworks",
				);
				PRODUCT_BUNDLE_IDENTIFIER = com.Sahil.MessageTests;
				PRODUCT_NAME = "$(TARGET_NAME)";
				SWIFT_VERSION = 5.0;
				TARGETED_DEVICE_FAMILY = "1,2";
				TEST_HOST = "$(BUILT_PRODUCTS_DIR)/Message.app/Message";
			};
			name = Debug;
		};
		BAAD322A256B5E9A00F7CF8D /* Release */ = {
			isa = XCBuildConfiguration;
			baseConfigurationReference = 6A15388644A76A22DDF4CDC6 /* Pods-MessageTests.release.xcconfig */;
			buildSettings = {
				ALWAYS_EMBED_SWIFT_STANDARD_LIBRARIES = YES;
				BUNDLE_LOADER = "$(TEST_HOST)";
				CODE_SIGN_STYLE = Automatic;
				DEVELOPMENT_TEAM = 8NTC9GZTYZ;
				INFOPLIST_FILE = MessageTests/Info.plist;
				IPHONEOS_DEPLOYMENT_TARGET = 14.2;
				LD_RUNPATH_SEARCH_PATHS = (
					"$(inherited)",
					"@executable_path/Frameworks",
					"@loader_path/Frameworks",
				);
				PRODUCT_BUNDLE_IDENTIFIER = com.Sahil.MessageTests;
				PRODUCT_NAME = "$(TARGET_NAME)";
				SWIFT_VERSION = 5.0;
				TARGETED_DEVICE_FAMILY = "1,2";
				TEST_HOST = "$(BUILT_PRODUCTS_DIR)/Message.app/Message";
			};
			name = Release;
		};
		BAAD322C256B5E9A00F7CF8D /* Debug */ = {
			isa = XCBuildConfiguration;
			baseConfigurationReference = 0627546432BE1AC4D49F8038 /* Pods-Message-MessageUITests.debug.xcconfig */;
			buildSettings = {
				ALWAYS_EMBED_SWIFT_STANDARD_LIBRARIES = YES;
				CODE_SIGN_STYLE = Automatic;
				DEVELOPMENT_TEAM = 8NTC9GZTYZ;
				INFOPLIST_FILE = MessageUITests/Info.plist;
				LD_RUNPATH_SEARCH_PATHS = (
					"$(inherited)",
					"@executable_path/Frameworks",
					"@loader_path/Frameworks",
				);
				PRODUCT_BUNDLE_IDENTIFIER = com.Sahil.MessageUITests;
				PRODUCT_NAME = "$(TARGET_NAME)";
				SWIFT_VERSION = 5.0;
				TARGETED_DEVICE_FAMILY = "1,2";
				TEST_TARGET_NAME = Message;
			};
			name = Debug;
		};
		BAAD322D256B5E9A00F7CF8D /* Release */ = {
			isa = XCBuildConfiguration;
			baseConfigurationReference = FA92BFD28D2C164781B25CC1 /* Pods-Message-MessageUITests.release.xcconfig */;
			buildSettings = {
				ALWAYS_EMBED_SWIFT_STANDARD_LIBRARIES = YES;
				CODE_SIGN_STYLE = Automatic;
				DEVELOPMENT_TEAM = 8NTC9GZTYZ;
				INFOPLIST_FILE = MessageUITests/Info.plist;
				LD_RUNPATH_SEARCH_PATHS = (
					"$(inherited)",
					"@executable_path/Frameworks",
					"@loader_path/Frameworks",
				);
				PRODUCT_BUNDLE_IDENTIFIER = com.Sahil.MessageUITests;
				PRODUCT_NAME = "$(TARGET_NAME)";
				SWIFT_VERSION = 5.0;
				TARGETED_DEVICE_FAMILY = "1,2";
				TEST_TARGET_NAME = Message;
			};
			name = Release;
		};
/* End XCBuildConfiguration section */

/* Begin XCConfigurationList section */
		BAAD31F3256B5E9700F7CF8D /* Build configuration list for PBXProject "Message" */ = {
			isa = XCConfigurationList;
			buildConfigurations = (
				BAAD3223256B5E9A00F7CF8D /* Debug */,
				BAAD3224256B5E9A00F7CF8D /* Release */,
			);
			defaultConfigurationIsVisible = 0;
			defaultConfigurationName = Release;
		};
		BAAD3225256B5E9A00F7CF8D /* Build configuration list for PBXNativeTarget "Message" */ = {
			isa = XCConfigurationList;
			buildConfigurations = (
				BAAD3226256B5E9A00F7CF8D /* Debug */,
				BAAD3227256B5E9A00F7CF8D /* Release */,
			);
			defaultConfigurationIsVisible = 0;
			defaultConfigurationName = Release;
		};
		BAAD3228256B5E9A00F7CF8D /* Build configuration list for PBXNativeTarget "MessageTests" */ = {
			isa = XCConfigurationList;
			buildConfigurations = (
				BAAD3229256B5E9A00F7CF8D /* Debug */,
				BAAD322A256B5E9A00F7CF8D /* Release */,
			);
			defaultConfigurationIsVisible = 0;
			defaultConfigurationName = Release;
		};
		BAAD322B256B5E9A00F7CF8D /* Build configuration list for PBXNativeTarget "MessageUITests" */ = {
			isa = XCConfigurationList;
			buildConfigurations = (
				BAAD322C256B5E9A00F7CF8D /* Debug */,
				BAAD322D256B5E9A00F7CF8D /* Release */,
			);
			defaultConfigurationIsVisible = 0;
			defaultConfigurationName = Release;
		};
/* End XCConfigurationList section */

/* Begin XCVersionGroup section */
		BAAD3204256B5E9700F7CF8D /* Message.xcdatamodeld */ = {
			isa = XCVersionGroup;
			children = (
				BAAD3205256B5E9700F7CF8D /* Message.xcdatamodel */,
			);
			currentVersion = BAAD3205256B5E9700F7CF8D /* Message.xcdatamodel */;
			path = Message.xcdatamodeld;
			sourceTree = "<group>";
			versionGroupType = wrapper.xcdatamodel;
		};
/* End XCVersionGroup section */
	};
	rootObject = BAAD31F0256B5E9700F7CF8D /* Project object */;
}
